Microsoft Visual Studio Solution File, Format Version 12.00
# Visual Studio Version 17
VisualStudioVersion = 17.5.2.0
MinimumVisualStudioVersion = 10.0.40219.1
Project("{FAE04EC0-301F-11D3-BF4B-00C04F79EFBC}") = "FirstWinFormsApp", "FirstWinFormsApp.csproj", "{92DC3501-EACC-06E7-A7D2-C5FB4C7CB92C}"
EndProject
Global
	GlobalSection(SolutionConfigurationPlatforms) = preSolution
		Debug|Any CPU = Debug|Any CPU
		Release|Any CPU = Release|Any CPU
	EndGlobalSection
	GlobalSection(ProjectConfigurationPlatforms) = postSolution
		{92DC3501-EACC-06E7-A7D2-C5FB4C7CB92C}.Debug|Any CPU.ActiveCfg = Debug|Any CPU
		{92DC3501-EACC-06E7-A7D2-C5FB4C7CB92C}.Debug|Any CPU.Build.0 = Debug|Any CPU
		{92DC3501-EACC-06E7-A7D2-C5FB4C7CB92C}.Release|Any CPU.ActiveCfg = Release|Any CPU
		{92DC3501-EACC-06E7-A7D2-C5FB4C7CB92C}.Release|Any CPU.Build.0 = Release|Any CPU
	EndGlobalSection
	GlobalSection(SolutionProperties) = preSolution
		HideSolutionNode = FALSE
	EndGlobalSection
	GlobalSection(ExtensibilityGlobals) = postSolution
		SolutionGuid = {0F121AF2-A7F6-4DC4-BD96-E2B94F7A55D3}
	EndGlobalSection
EndGlobal
